// !$*UTF8*$!
{
	archiveVersion = 1;
	classes = {
	};
	objectVersion = 56;
	objects = {

/* Begin PBXBuildFile section */
		0C77FDBB2C8AC6E300315367 /* Coins_iOSApp.swift in Sources */ = {isa = PBXBuildFile; fileRef = 0C77FDBA2C8AC6E300315367 /* Coins_iOSApp.swift */; };
		0C77FDBD2C8AC6E300315367 /* ContentView.swift in Sources */ = {isa = PBXBuildFile; fileRef = 0C77FDBC2C8AC6E300315367 /* ContentView.swift */; };
		0C77FDBF2C8AC6E500315367 /* Assets.xcassets in Resources */ = {isa = PBXBuildFile; fileRef = 0C77FDBE2C8AC6E500315367 /* Assets.xcassets */; };
		0C77FDC22C8AC6E500315367 /* Preview Assets.xcassets in Resources */ = {isa = PBXBuildFile; fileRef = 0C77FDC12C8AC6E500315367 /* Preview Assets.xcassets */; };
		0C77FDCF2C8ACEC300315367 /* CoinsViewModel.swift in Sources */ = {isa = PBXBuildFile; fileRef = 0C77FDCE2C8ACEC300315367 /* CoinsViewModel.swift */; };
		0C77FDD22C8C490100315367 /* NetworkManager.swift in Sources */ = {isa = PBXBuildFile; fileRef = 0C77FDD12C8C490100315367 /* NetworkManager.swift */; };
		0C77FDD62C8C7D8600315367 /* Coin.swift in Sources */ = {isa = PBXBuildFile; fileRef = 0C77FDD52C8C7D8600315367 /* Coin.swift */; };
		0CD869552C96D90800122B72 /* APError.swift in Sources */ = {isa = PBXBuildFile; fileRef = 0CD869542C96D90800122B72 /* APError.swift */; };
		0CD869592CA07E3B00122B72 /* CoinDetialsView.swift in Sources */ = {isa = PBXBuildFile; fileRef = 0CD869582CA07E3B00122B72 /* CoinDetialsView.swift */; };
		0CD8695C2CA0808300122B72 /* CoinDetails.swift in Sources */ = {isa = PBXBuildFile; fileRef = 0CD8695B2CA0808300122B72 /* CoinDetails.swift */; };
		0CD8695F2CA0854100122B72 /* DetailsViewModel.swift in Sources */ = {isa = PBXBuildFile; fileRef = 0CD8695E2CA0854100122B72 /* DetailsViewModel.swift */; };
		0CF1CD062CC546F4001A808A /* CoinDetailsCache.swift in Sources */ = {isa = PBXBuildFile; fileRef = 0CF1CD052CC546F4001A808A /* CoinDetailsCache.swift */; };
/* End PBXBuildFile section */

/* Begin PBXFileReference section */
		0C77FDB72C8AC6E300315367 /* Coins-iOS.app */ = {isa = PBXFileReference; explicitFileType = wrapper.application; includeInIndex = 0; path = "Coins-iOS.app"; sourceTree = BUILT_PRODUCTS_DIR; };
		0C77FDBA2C8AC6E300315367 /* Coins_iOSApp.swift */ = {isa = PBXFileReference; lastKnownFileType = sourcecode.swift; path = Coins_iOSApp.swift; sourceTree = "<group>"; };
		0C77FDBC2C8AC6E300315367 /* ContentView.swift */ = {isa = PBXFileReference; lastKnownFileType = sourcecode.swift; path = ContentView.swift; sourceTree = "<group>"; };
		0C77FDBE2C8AC6E500315367 /* Assets.xcassets */ = {isa = PBXFileReference; lastKnownFileType = folder.assetcatalog; path = Assets.xcassets; sourceTree = "<group>"; };
		0C77FDC12C8AC6E500315367 /* Preview Assets.xcassets */ = {isa = PBXFileReference; lastKnownFileType = folder.assetcatalog; path = "Preview Assets.xcassets"; sourceTree = "<group>"; };
		0C77FDCE2C8ACEC300315367 /* CoinsViewModel.swift */ = {isa = PBXFileReference; lastKnownFileType = sourcecode.swift; path = CoinsViewModel.swift; sourceTree = "<group>"; };
		0C77FDD12C8C490100315367 /* NetworkManager.swift */ = {isa = PBXFileReference; lastKnownFileType = sourcecode.swift; path = NetworkManager.swift; sourceTree = "<group>"; };
		0C77FDD52C8C7D8600315367 /* Coin.swift */ = {isa = PBXFileReference; lastKnownFileType = sourcecode.swift; path = Coin.swift; sourceTree = "<group>"; };
		0CD869542C96D90800122B72 /* APError.swift */ = {isa = PBXFileReference; lastKnownFileType = sourcecode.swift; path = APError.swift; sourceTree = "<group>"; };
		0CD869582CA07E3B00122B72 /* CoinDetialsView.swift */ = {isa = PBXFileReference; lastKnownFileType = sourcecode.swift; path = CoinDetialsView.swift; sourceTree = "<group>"; };
		0CD8695B2CA0808300122B72 /* CoinDetails.swift */ = {isa = PBXFileReference; lastKnownFileType = sourcecode.swift; path = CoinDetails.swift; sourceTree = "<group>"; };
		0CD8695E2CA0854100122B72 /* DetailsViewModel.swift */ = {isa = PBXFileReference; lastKnownFileType = sourcecode.swift; path = DetailsViewModel.swift; sourceTree = "<group>"; };
		0CF1CD052CC546F4001A808A /* CoinDetailsCache.swift */ = {isa = PBXFileReference; lastKnownFileType = sourcecode.swift; path = CoinDetailsCache.swift; sourceTree = "<group>"; };
/* End PBXFileReference section */

/* Begin PBXFrameworksBuildPhase section */
		0C77FDB42C8AC6E300315367 /* Frameworks */ = {
			isa = PBXFrameworksBuildPhase;
			buildActionMask = 2147483647;
			files = (
			);
			runOnlyForDeploymentPostprocessing = 0;
		};
/* End PBXFrameworksBuildPhase section */

/* Begin PBXGroup section */
		0C77FDAE2C8AC6E300315367 = {
			isa = PBXGroup;
			children = (
				0C77FDB92C8AC6E300315367 /* Coins-iOS */,
				0C77FDB82C8AC6E300315367 /* Products */,
			);
			sourceTree = "<group>";
		};
		0C77FDB82C8AC6E300315367 /* Products */ = {
			isa = PBXGroup;
			children = (
				0C77FDB72C8AC6E300315367 /* Coins-iOS.app */,
			);
			name = Products;
			sourceTree = "<group>";
		};
		0C77FDB92C8AC6E300315367 /* Coins-iOS */ = {
			isa = PBXGroup;
			children = (
				0C77FDC82C8AC74B00315367 /* App */,
				0C77FDC92C8AC75600315367 /* Core */,
				0C77FDBE2C8AC6E500315367 /* Assets.xcassets */,
				0C77FDC02C8AC6E500315367 /* Preview Content */,
			);
			path = "Coins-iOS";
			sourceTree = "<group>";
		};
		0C77FDC02C8AC6E500315367 /* Preview Content */ = {
			isa = PBXGroup;
			children = (
				0C77FDC12C8AC6E500315367 /* Preview Assets.xcassets */,
			);
			path = "Preview Content";
			sourceTree = "<group>";
		};
		0C77FDC82C8AC74B00315367 /* App */ = {
			isa = PBXGroup;
			children = (
				0C77FDBA2C8AC6E300315367 /* Coins_iOSApp.swift */,
			);
			path = App;
			sourceTree = "<group>";
		};
		0C77FDC92C8AC75600315367 /* Core */ = {
			isa = PBXGroup;
			children = (
				0C77FDCA2C8AC76400315367 /* AllCoins */,
				0CD869562CA07E2200122B72 /* CoinDetails */,
			);
			path = Core;
			sourceTree = "<group>";
		};
		0C77FDCA2C8AC76400315367 /* AllCoins */ = {
			isa = PBXGroup;
			children = (
				0C77FDD02C8C48F300315367 /* Service */,
				0C77FDCD2C8AC79F00315367 /* ViewModel */,
				0C77FDCC2C8AC78100315367 /* Model */,
				0C77FDCB2C8AC76D00315367 /* View */,
			);
			path = AllCoins;
			sourceTree = "<group>";
		};
		0C77FDCB2C8AC76D00315367 /* View */ = {
			isa = PBXGroup;
			children = (
				0C77FDBC2C8AC6E300315367 /* ContentView.swift */,
			);
			path = View;
			sourceTree = "<group>";
		};
		0C77FDCC2C8AC78100315367 /* Model */ = {
			isa = PBXGroup;
			children = (
				0C77FDD52C8C7D8600315367 /* Coin.swift */,
				0CD869542C96D90800122B72 /* APError.swift */,
			);
			path = Model;
			sourceTree = "<group>";
		};
		0C77FDCD2C8AC79F00315367 /* ViewModel */ = {
			isa = PBXGroup;
			children = (
				0C77FDCE2C8ACEC300315367 /* CoinsViewModel.swift */,
			);
			path = ViewModel;
			sourceTree = "<group>";
		};
		0C77FDD02C8C48F300315367 /* Service */ = {
			isa = PBXGroup;
			children = (
				0C77FDD12C8C490100315367 /* NetworkManager.swift */,
			);
			path = Service;
			sourceTree = "<group>";
		};
		0CD869562CA07E2200122B72 /* CoinDetails */ = {
			isa = PBXGroup;
			children = (
				0CF1CD042CC546CA001A808A /* Cache */,
				0CD8695D2CA0853000122B72 /* ViewModel */,
				0CD8695A2CA0807200122B72 /* Model */,
				0CD869572CA07E2D00122B72 /* View */,
			);
			path = CoinDetails;
			sourceTree = "<group>";
		};
		0CD869572CA07E2D00122B72 /* View */ = {
			isa = PBXGroup;
			children = (
				0CD869582CA07E3B00122B72 /* CoinDetialsView.swift */,
			);
			path = View;
			sourceTree = "<group>";
		};
		0CD8695A2CA0807200122B72 /* Model */ = {
			isa = PBXGroup;
			children = (
				0CD8695B2CA0808300122B72 /* CoinDetails.swift */,
			);
			path = Model;
			sourceTree = "<group>";
		};
		0CD8695D2CA0853000122B72 /* ViewModel */ = {
			isa = PBXGroup;
			children = (
				0CD8695E2CA0854100122B72 /* DetailsViewModel.swift */,
			);
			path = ViewModel;
			sourceTree = "<group>";
		};
		0CF1CD042CC546CA001A808A /* Cache */ = {
			isa = PBXGroup;
			children = (
				0CF1CD052CC546F4001A808A /* CoinDetailsCache.swift */,
			);
			path = Cache;
			sourceTree = "<group>";
		};
/* End PBXGroup section */

/* Begin PBXNativeTarget section */
		0C77FDB62C8AC6E300315367 /* Coins-iOS */ = {
			isa = PBXNativeTarget;
			buildConfigurationList = 0C77FDC52C8AC6E500315367 /* Build configuration list for PBXNativeTarget "Coins-iOS" */;
			buildPhases = (
				0C77FDB32C8AC6E300315367 /* Sources */,
				0C77FDB42C8AC6E300315367 /* Frameworks */,
				0C77FDB52C8AC6E300315367 /* Resources */,
			);
			buildRules = (
			);
			dependencies = (
			);
			name = "Coins-iOS";
			productName = "Coins-iOS";
			productReference = 0C77FDB72C8AC6E300315367 /* Coins-iOS.app */;
			productType = "com.apple.product-type.application";
		};
/* End PBXNativeTarget section */

/* Begin PBXProject section */
		0C77FDAF2C8AC6E300315367 /* Project object */ = {
			isa = PBXProject;
			attributes = {
				BuildIndependentTargetsInParallel = 1;
				LastSwiftUpdateCheck = 1520;
				LastUpgradeCheck = 1520;
				TargetAttributes = {
					0C77FDB62C8AC6E300315367 = {
						CreatedOnToolsVersion = 15.2;
					};
				};
			};
			buildConfigurationList = 0C77FDB22C8AC6E300315367 /* Build configuration list for PBXProject "Coins-iOS" */;
			compatibilityVersion = "Xcode 14.0";
			developmentRegion = en;
			hasScannedForEncodings = 0;
			knownRegions = (
				en,
				Base,
			);
			mainGroup = 0C77FDAE2C8AC6E300315367;
			productRefGroup = 0C77FDB82C8AC6E300315367 /* Products */;
			projectDirPath = "";
			projectRoot = "";
			targets = (
				0C77FDB62C8AC6E300315367 /* Coins-iOS */,
			);
		};
/* End PBXProject section */

/* Begin PBXResourcesBuildPhase section */
		0C77FDB52C8AC6E300315367 /* Resources */ = {
			isa = PBXResourcesBuildPhase;
			buildActionMask = 2147483647;
			files = (
				0C77FDC22C8AC6E500315367 /* Preview Assets.xcassets in Resources */,
				0C77FDBF2C8AC6E500315367 /* Assets.xcassets in Resources */,
			);
			runOnlyForDeploymentPostprocessing = 0;
		};
/* End PBXResourcesBuildPhase section */

/* Begin PBXSourcesBuildPhase section */
		0C77FDB32C8AC6E300315367 /* Sources */ = {
			isa = PBXSourcesBuildPhase;
			buildActionMask = 2147483647;
			files = (
				0C77FDD22C8C490100315367 /* NetworkManager.swift in Sources */,
				0CD869552C96D90800122B72 /* APError.swift in Sources */,
				0C77FDBD2C8AC6E300315367 /* ContentView.swift in Sources */,
				0CD8695C2CA0808300122B72 /* CoinDetails.swift in Sources */,
				0C77FDCF2C8ACEC300315367 /* CoinsViewModel.swift in Sources */,
				0C77FDD62C8C7D8600315367 /* Coin.swift in Sources */,
				0CD869592CA07E3B00122B72 /* CoinDetialsView.swift in Sources */,
				0C77FDBB2C8AC6E300315367 /* Coins_iOSApp.swift in Sources */,
				0CF1CD062CC546F4001A808A /* CoinDetailsCache.swift in Sources */,
				0CD8695F2CA0854100122B72 /* DetailsViewModel.swift in Sources */,
			);
			runOnlyForDeploymentPostprocessing = 0;
		};
/* End PBXSourcesBuildPhase section */

/* Begin XCBuildConfiguration section */
		0C77FDC32C8AC6E500315367 /* Debug */ = {
			isa = XCBuildConfiguration;
			buildSettings = {
				ALWAYS_SEARCH_USER_PATHS = NO;
				ASSETCATALOG_COMPILER_GENERATE_SWIFT_ASSET_SYMBOL_EXTENSIONS = YES;
				CLANG_ANALYZER_NONNULL = YES;
				CLANG_ANALYZER_NUMBER_OBJECT_CONVERSION = YES_AGGRESSIVE;
				CLANG_CXX_LANGUAGE_STANDARD = "gnu++20";
				CLANG_ENABLE_MODULES = YES;
				CLANG_ENABLE_OBJC_ARC = YES;
				CLANG_ENABLE_OBJC_WEAK = YES;
				CLANG_WARN_BLOCK_CAPTURE_AUTORELEASING = YES;
				CLANG_WARN_BOOL_CONVERSION = YES;
				CLANG_WARN_COMMA = YES;
				CLANG_WARN_CONSTANT_CONVERSION = YES;
				CLANG_WARN_DEPRECATED_OBJC_IMPLEMENTATIONS = YES;
				CLANG_WARN_DIRECT_OBJC_ISA_USAGE = YES_ERROR;
				CLANG_WARN_DOCUMENTATION_COMMENTS = YES;
				CLANG_WARN_EMPTY_BODY = YES;
				CLANG_WARN_ENUM_CONVERSION = YES;
				CLANG_WARN_INFINITE_RECURSION = YES;
				CLANG_WARN_INT_CONVERSION = YES;
				CLANG_WARN_NON_LITERAL_NULL_CONVERSION = YES;
				CLANG_WARN_OBJC_IMPLICIT_RETAIN_SELF = YES;
				CLANG_WARN_OBJC_LITERAL_CONVERSION = YES;
				CLANG_WARN_OBJC_ROOT_CLASS = YES_ERROR;
				CLANG_WARN_QUOTED_INCLUDE_IN_FRAMEWORK_HEADER = YES;
				CLANG_WARN_RANGE_LOOP_ANALYSIS = YES;
				CLANG_WARN_STRICT_PROTOTYPES = YES;
				CLANG_WARN_SUSPICIOUS_MOVE = YES;
				CLANG_WARN_UNGUARDED_AVAILABILITY = YES_AGGRESSIVE;
				CLANG_WARN_UNREACHABLE_CODE = YES;
				CLANG_WARN__DUPLICATE_METHOD_MATCH = YES;
				COPY_PHASE_STRIP = NO;
				DEBUG_INFORMATION_FORMAT = dwarf;
				ENABLE_STRICT_OBJC_MSGSEND = YES;
				ENABLE_TESTABILITY = YES;
				ENABLE_USER_SCRIPT_SANDBOXING = YES;
				GCC_C_LANGUAGE_STANDARD = gnu17;
				GCC_DYNAMIC_NO_PIC = NO;
				GCC_NO_COMMON_BLOCKS = YES;
				GCC_OPTIMIZATION_LEVEL = 0;
				GCC_PREPROCESSOR_DEFINITIONS = (
					"DEBUG=1",
					"$(inherited)",
				);
				GCC_WARN_64_TO_32_BIT_CONVERSION = YES;
				GCC_WARN_ABOUT_RETURN_TYPE = YES_ERROR;
				GCC_WARN_UNDECLARED_SELECTOR = YES;
				GCC_WARN_UNINITIALIZED_AUTOS = YES_AGGRESSIVE;
				GCC_WARN_UNUSED_FUNCTION = YES;
				GCC_WARN_UNUSED_VARIABLE = YES;
				IPHONEOS_DEPLOYMENT_TARGET = 17.2;
				LOCALIZATION_PREFERS_STRING_CATALOGS = YES;
				MTL_ENABLE_DEBUG_INFO = INCLUDE_SOURCE;
				MTL_FAST_MATH = YES;
				ONLY_ACTIVE_ARCH = YES;
				SDKROOT = iphoneos;
				SWIFT_ACTIVE_COMPILATION_CONDITIONS = "DEBUG $(inherited)";
				SWIFT_OPTIMIZATION_LEVEL = "-Onone";
			};
			name = Debug;
		};
		0C77FDC42C8AC6E500315367 /* Release */ = {
			isa = XCBuildConfiguration;
			buildSettings = {
				ALWAYS_SEARCH_USER_PATHS = NO;
				ASSETCATALOG_COMPILER_GENERATE_SWIFT_ASSET_SYMBOL_EXTENSIONS = YES;
				CLANG_ANALYZER_NONNULL = YES;
				CLANG_ANALYZER_NUMBER_OBJECT_CONVERSION = YES_AGGRESSIVE;
				CLANG_CXX_LANGUAGE_STANDARD = "gnu++20";
				CLANG_ENABLE_MODULES = YES;
				CLANG_ENABLE_OBJC_ARC = YES;
				CLANG_ENABLE_OBJC_WEAK = YES;
				CLANG_WARN_BLOCK_CAPTURE_AUTORELEASING = YES;
				CLANG_WARN_BOOL_CONVERSION = YES;
				CLANG_WARN_COMMA = YES;
				CLANG_WARN_CONSTANT_CONVERSION = YES;
				CLANG_WARN_DEPRECATED_OBJC_IMPLEMENTATIONS = YES;
				CLANG_WARN_DIRECT_OBJC_ISA_USAGE = YES_ERROR;
				CLANG_WARN_DOCUMENTATION_COMMENTS = YES;
				CLANG_WARN_EMPTY_BODY = YES;
				CLANG_WARN_ENUM_CONVERSION = YES;
				CLANG_WARN_INFINITE_RECURSION = YES;
				CLANG_WARN_INT_CONVERSION = YES;
				CLANG_WARN_NON_LITERAL_NULL_CONVERSION = YES;
				CLANG_WARN_OBJC_IMPLICIT_RETAIN_SELF = YES;
				CLANG_WARN_OBJC_LITERAL_CONVERSION = YES;
				CLANG_WARN_OBJC_ROOT_CLASS = YES_ERROR;
				CLANG_WARN_QUOTED_INCLUDE_IN_FRAMEWORK_HEADER = YES;
				CLANG_WARN_RANGE_LOOP_ANALYSIS = YES;
				CLANG_WARN_STRICT_PROTOTYPES = YES;
				CLANG_WARN_SUSPICIOUS_MOVE = YES;
				CLANG_WARN_UNGUARDED_AVAILABILITY = YES_AGGRESSIVE;
				CLANG_WARN_UNREACHABLE_CODE = YES;
				CLANG_WARN__DUPLICATE_METHOD_MATCH = YES;
				COPY_PHASE_STRIP = NO;
				DEBUG_INFORMATION_FORMAT = "dwarf-with-dsym";
				ENABLE_NS_ASSERTIONS = NO;
				ENABLE_STRICT_OBJC_MSGSEND = YES;
				ENABLE_USER_SCRIPT_SANDBOXING = YES;
				GCC_C_LANGUAGE_STANDARD = gnu17;
				GCC_NO_COMMON_BLOCKS = YES;
				GCC_WARN_64_TO_32_BIT_CONVERSION = YES;
				GCC_WARN_ABOUT_RETURN_TYPE = YES_ERROR;
				GCC_WARN_UNDECLARED_SELECTOR = YES;
				GCC_WARN_UNINITIALIZED_AUTOS = YES_AGGRESSIVE;
				GCC_WARN_UNUSED_FUNCTION = YES;
				GCC_WARN_UNUSED_VARIABLE = YES;
				IPHONEOS_DEPLOYMENT_TARGET = 17.2;
				LOCALIZATION_PREFERS_STRING_CATALOGS = YES;
				MTL_ENABLE_DEBUG_INFO = NO;
				MTL_FAST_MATH = YES;
				SDKROOT = iphoneos;
				SWIFT_COMPILATION_MODE = wholemodule;
				VALIDATE_PRODUCT = YES;
			};
			name = Release;
		};
		0C77FDC62C8AC6E500315367 /* Debug */ = {
			isa = XCBuildConfiguration;
			buildSettings = {
				ASSETCATALOG_COMPILER_APPICON_NAME = AppIcon;
				ASSETCATALOG_COMPILER_GLOBAL_ACCENT_COLOR_NAME = AccentColor;
				CODE_SIGN_STYLE = Automatic;
				CURRENT_PROJECT_VERSION = 1;
				DEVELOPMENT_ASSET_PATHS = "\"Coins-iOS/Preview Content\"";
				DEVELOPMENT_TEAM = M583TRB462;
				ENABLE_PREVIEWS = YES;
				GENERATE_INFOPLIST_FILE = YES;
				INFOPLIST_KEY_UIApplicationSceneManifest_Generation = YES;
				INFOPLIST_KEY_UIApplicationSupportsIndirectInputEvents = YES;
				INFOPLIST_KEY_UILaunchScreen_Generation = YES;
				INFOPLIST_KEY_UISupportedInterfaceOrientations_iPad = "UIInterfaceOrientationPortrait UIInterfaceOrientationPortraitUpsideDown UIInterfaceOrientationLandscapeLeft UIInterfaceOrientationLandscapeRight";
				INFOPLIST_KEY_UISupportedInterfaceOrientations_iPhone = "UIInterfaceOrientationPortrait UIInterfaceOrientationLandscapeLeft UIInterfaceOrientationLandscapeRight";
				LD_RUNPATH_SEARCH_PATHS = (
					"$(inherited)",
					"@executable_path/Frameworks",
				);
				MARKETING_VERSION = 1.0;
				PRODUCT_BUNDLE_IDENTIFIER = "aem.Coins-iOS";
				PRODUCT_NAME = "$(TARGET_NAME)";
				SWIFT_EMIT_LOC_STRINGS = YES;
				SWIFT_VERSION = 5.0;
				TARGETED_DEVICE_FAMILY = "1,2";
			};
			name = Debug;
		};
		0C77FDC72C8AC6E500315367 /* Release */ = {
			isa = XCBuildConfiguration;
			buildSettings = {
				ASSETCATALOG_COMPILER_APPICON_NAME = AppIcon;
				ASSETCATALOG_COMPILER_GLOBAL_ACCENT_COLOR_NAME = AccentColor;
				CODE_SIGN_STYLE = Automatic;
				CURRENT_PROJECT_VERSION = 1;
				DEVELOPMENT_ASSET_PATHS = "\"Coins-iOS/Preview Content\"";
				DEVELOPMENT_TEAM = M583TRB462;
				ENABLE_PREVIEWS = YES;
				GENERATE_INFOPLIST_FILE = YES;
				INFOPLIST_KEY_UIApplicationSceneManifest_Generation = YES;
				INFOPLIST_KEY_UIApplicationSupportsIndirectInputEvents = YES;
				INFOPLIST_KEY_UILaunchScreen_Generation = YES;
				INFOPLIST_KEY_UISupportedInterfaceOrientations_iPad = "UIInterfaceOrientationPortrait UIInterfaceOrientationPortraitUpsideDown UIInterfaceOrientationLandscapeLeft UIInterfaceOrientationLandscapeRight";
				INFOPLIST_KEY_UISupportedInterfaceOrientations_iPhone = "UIInterfaceOrientationPortrait UIInterfaceOrientationLandscapeLeft UIInterfaceOrientationLandscapeRight";
				LD_RUNPATH_SEARCH_PATHS = (
					"$(inherited)",
					"@executable_path/Frameworks",
				);
				MARKETING_VERSION = 1.0;
				PRODUCT_BUNDLE_IDENTIFIER = "aem.Coins-iOS";
				PRODUCT_NAME = "$(TARGET_NAME)";
				SWIFT_EMIT_LOC_STRINGS = YES;
				SWIFT_VERSION = 5.0;
				TARGETED_DEVICE_FAMILY = "1,2";
			};
			name = Release;
		};
/* End XCBuildConfiguration section */

/* Begin XCConfigurationList section */
		0C77FDB22C8AC6E300315367 /* Build configuration list for PBXProject "Coins-iOS" */ = {
			isa = XCConfigurationList;
			buildConfigurations = (
				0C77FDC32C8AC6E500315367 /* Debug */,
				0C77FDC42C8AC6E500315367 /* Release */,
			);
			defaultConfigurationIsVisible = 0;
			defaultConfigurationName = Release;
		};
		0C77FDC52C8AC6E500315367 /* Build configuration list for PBXNativeTarget "Coins-iOS" */ = {
			isa = XCConfigurationList;
			buildConfigurations = (
				0C77FDC62C8AC6E500315367 /* Debug */,
				0C77FDC72C8AC6E500315367 /* Release */,
			);
			defaultConfigurationIsVisible = 0;
			defaultConfigurationName = Release;
		};
/* End XCConfigurationList section */
	};
	rootObject = 0C77FDAF2C8AC6E300315367 /* Project object */;
}
